# This file is generated by running "yarn install" inside your project.
# Manual changes might be lost - proceed with caution!

__metadata:
  version: 8
  cacheKey: 10

"@omg/cat.js@workspace:.":
  version: 0.0.0-use.local
  resolution: "@omg/cat.js@workspace:."
  dependencies:
    "@types/animejs": "npm:3.1.12"
    "@types/node": "npm:20.10.5"
    animejs: "npm:3.2.2"
    tslib: "npm:2.6.2"
    typescript: "npm:5.3.3"
  languageName: unknown
  linkType: soft

"@types/animejs@npm:3.1.12":
  version: 3.1.12
  resolution: "@types/animejs@npm:3.1.12"
  checksum: 8ea5d0440236b87042ad012c0bfd90a38cf38688b8b28ad750d21eb01a3943c9256f0ec79ea0b40aad6e500ee177ed43d5aeec8f875f904b61f195e5e305d2ce
  languageName: node
  linkType: hard

"@types/node@npm:20.10.5":
  version: 20.10.5
  resolution: "@types/node@npm:20.10.5"
  dependencies:
    undici-types: "npm:~5.26.4"
  checksum: 4a378428d2c9f692b19801a5a3d20dc4c0ad5d4a3d103350f8b401af439941a9aa5efeadc8eb9db13c66c620318bc7f336abfc8934f82fd32c4a689d85068c6f
  languageName: node
  linkType: hard

"animejs@npm:3.2.2":
  version: 3.2.2
  resolution: "animejs@npm:3.2.2"
  checksum: 7abdb56f415c666ba02f4e64fdbb10d457fed7e3711b0f006f97e48e5650097013397d890e8ceb31e9e06b73bf6dfd9202309d0dae0fc0b5190aa7c4e0ab7054
  languageName: node
  linkType: hard

"tslib@npm:2.6.2":
  version: 2.6.2
  resolution: "tslib@npm:2.6.2"
  checksum: bd26c22d36736513980091a1e356378e8b662ded04204453d353a7f34a4c21ed0afc59b5f90719d4ba756e581a162ecbf93118dc9c6be5acf70aa309188166ca
  languageName: node
  linkType: hard

"typescript@npm:5.3.3":
  version: 5.3.3
  resolution: "typescript@npm:5.3.3"
  bin:
    tsc: bin/tsc
    tsserver: bin/tsserver
  checksum: 6e4e6a14a50c222b3d14d4ea2f729e79f972fa536ac1522b91202a9a65af3605c2928c4a790a4a50aa13694d461c479ba92cedaeb1e7b190aadaa4e4b96b8e18
  languageName: node
  linkType: hard

"typescript@patch:typescript@npm%3A5.3.3#optional!builtin<compat/typescript>":
  version: 5.3.3
  resolution: "typescript@patch:typescript@npm%3A5.3.3#optional!builtin<compat/typescript>::version=5.3.3&hash=e012d7"
  bin:
    tsc: bin/tsc
    tsserver: bin/tsserver
  checksum: c93786fcc9a70718ba1e3819bab56064ead5817004d1b8186f8ca66165f3a2d0100fee91fa64c840dcd45f994ca5d615d8e1f566d39a7470fc1e014dbb4cf15d
  languageName: node
  linkType: hard

"undici-types@npm:~5.26.4":
  version: 5.26.5
  resolution: "undici-types@npm:5.26.5"
  checksum: 0097779d94bc0fd26f0418b3a05472410408877279141ded2bd449167be1aed7ea5b76f756562cb3586a07f251b90799bab22d9019ceba49c037c76445f7cddd
  languageName: node
  linkType: hard
